Microsoft Visual Studio Solution File, Format Version 7.00
Project("{E6FDF86B-F3D1-11D4-8576-0002A516ECE8}") = "WindowsApplication1", "WindowsApplication1.jshproj", "{1CB285C4-F490-4D78-B23A-3F59EF990B61}"
EndProject
Global
	GlobalSection(SolutionConfiguration) = preSolution
		ConfigName.0 = Debug
		ConfigName.1 = Release
	EndGlobalSection
	GlobalSection(ProjectDependencies) = postSolution
	EndGlobalSection
	GlobalSection(ProjectConfiguration) = postSolution
		{1CB285C4-F490-4D78-B23A-3F59EF990B61}.Debug.ActiveCfg = Debug|.NET
		{1CB285C4-F490-4D78-B23A-3F59EF990B61}.Debug.Build.0 = Debug|.NET
		{1CB285C4-F490-4D78-B23A-3F59EF990B61}.Release.ActiveCfg = Release|.NET
		{1CB285C4-F490-4D78-B23A-3F59EF990B61}.Release.Build.0 = Release|.NET
	EndGlobalSection
	GlobalSection(ExtensibilityGlobals) = postSolution
	EndGlobalSection
	GlobalSection(ExtensibilityAddIns) = postSolution
	EndGlobalSection
EndGlobal
